
Microsoft Visual Studio Solution File, Format Version 12.00
# Visual Studio 2012
Project("{FAE04EC0-301F-11D3-BF4B-00C04F79EFBC}") = "Np Exam", "Np Exam\Np Exam.csproj", "{9A34503D-0731-4F47-A908-6798E573810F}"
EndProject
Global
	GlobalSection(SolutionConfigurationPlatforms) = preSolution
		Debug|Any CPU = Debug|Any CPU
		Release|Any CPU = Release|Any CPU
	EndGlobalSection
	GlobalSection(ProjectConfigurationPlatforms) = postSolution
		{9A34503D-0731-4F47-A908-6798E573810F}.Debug|Any CPU.ActiveCfg = Debug|Any CPU
		{9A34503D-0731-4F47-A908-6798E573810F}.Debug|Any CPU.Build.0 = Debug|Any CPU
		{9A34503D-0731-4F47-A908-6798E573810F}.Release|Any CPU.ActiveCfg = Release|Any CPU
		{9A34503D-0731-4F47-A908-6798E573810F}.Release|Any CPU.Build.0 = Release|Any CPU
	EndGlobalSection
	GlobalSection(SolutionProperties) = preSolution
		HideSolutionNode = FALSE
	EndGlobalSection
EndGlobal
